
Microsoft Visual Studio Solution File, Format Version 12.00
# Visual Studio 15
VisualStudioVersion = 15.0.27004.2006
MinimumVisualStudioVersion = 10.0.40219.1
Project("{FAE04EC0-301F-11D3-BF4B-00C04F79EFBC}") = "Saski", "Saski\Saski.csproj", "{EA37759F-213A-4D55-BCD7-D65B8A7C75BA}"
EndProject
Global
	GlobalSection(SolutionConfigurationPlatforms) = preSolution
		Debug|Any CPU = Debug|Any CPU
		Release|Any CPU = Release|Any CPU
	EndGlobalSection
	GlobalSection(ProjectConfigurationPlatforms) = postSolution
		{EA37759F-213A-4D55-BCD7-D65B8A7C75BA}.Debug|Any CPU.ActiveCfg = Debug|Any CPU
		{EA37759F-213A-4D55-BCD7-D65B8A7C75BA}.Debug|Any CPU.Build.0 = Debug|Any CPU
		{EA37759F-213A-4D55-BCD7-D65B8A7C75BA}.Release|Any CPU.ActiveCfg = Release|Any CPU
		{EA37759F-213A-4D55-BCD7-D65B8A7C75BA}.Release|Any CPU.Build.0 = Release|Any CPU
	EndGlobalSection
	GlobalSection(SolutionProperties) = preSolution
		HideSolutionNode = FALSE
	EndGlobalSection
	GlobalSection(ExtensibilityGlobals) = postSolution
		SolutionGuid = {471BC21A-4F93-4A08-B7CA-76B6D31EDA75}
	EndGlobalSection
EndGlobal
